
Microsoft Visual Studio Solution File, Format Version 12.00
# Visual Studio Version 17
VisualStudioVersion = 17.4.33213.308
MinimumVisualStudioVersion = 10.0.40219.1
Project("{9A19103F-16F7-4668-BE54-9A1E7A4F7556}") = "DataAccess", "DataAccess\DataAccess.csproj", "{9A63F663-3C55-4440-B646-79726C3AEB7B}"
EndProject
Project("{9A19103F-16F7-4668-BE54-9A1E7A4F7556}") = "Business", "Business\Business.csproj", "{AAB1D954-3F91-4AEF-B5F5-243C9A402114}"
EndProject
Project("{9A19103F-16F7-4668-BE54-9A1E7A4F7556}") = "Entities", "Entities\Entities.csproj", "{A544C5A4-4A60-4D22-B075-7C8EE6A72AC6}"
EndProject
Project("{9A19103F-16F7-4668-BE54-9A1E7A4F7556}") = "ConsoleUI", "ConsoleUI\ConsoleUI.csproj", "{77A3DBF0-62C1-417C-82D3-D5F388D33CA0}"
EndProject
Project("{FAE04EC0-301F-11D3-BF4B-00C04F79EFBC}") = "Core", "Core\Core.csproj", "{4C7B7A12-4D0A-48B4-AB22-2A83B6886F8E}"
EndProject
Global
	GlobalSection(SolutionConfigurationPlatforms) = preSolution
		Debug|Any CPU = Debug|Any CPU
		Release|Any CPU = Release|Any CPU
	EndGlobalSection
	GlobalSection(ProjectConfigurationPlatforms) = postSolution
		{9A63F663-3C55-4440-B646-79726C3AEB7B}.Debug|Any CPU.ActiveCfg = Debug|Any CPU
		{9A63F663-3C55-4440-B646-79726C3AEB7B}.Debug|Any CPU.Build.0 = Debug|Any CPU
		{9A63F663-3C55-4440-B646-79726C3AEB7B}.Release|Any CPU.ActiveCfg = Release|Any CPU
		{9A63F663-3C55-4440-B646-79726C3AEB7B}.Release|Any CPU.Build.0 = Release|Any CPU
		{AAB1D954-3F91-4AEF-B5F5-243C9A402114}.Debug|Any CPU.ActiveCfg = Debug|Any CPU
		{AAB1D954-3F91-4AEF-B5F5-243C9A402114}.Debug|Any CPU.Build.0 = Debug|Any CPU
		{AAB1D954-3F91-4AEF-B5F5-243C9A402114}.Release|Any CPU.ActiveCfg = Release|Any CPU
		{AAB1D954-3F91-4AEF-B5F5-243C9A402114}.Release|Any CPU.Build.0 = Release|Any CPU
		{A544C5A4-4A60-4D22-B075-7C8EE6A72AC6}.Debug|Any CPU.ActiveCfg = Debug|Any CPU
		{A544C5A4-4A60-4D22-B075-7C8EE6A72AC6}.Debug|Any CPU.Build.0 = Debug|Any CPU
		{A544C5A4-4A60-4D22-B075-7C8EE6A72AC6}.Release|Any CPU.ActiveCfg = Release|Any CPU
		{A544C5A4-4A60-4D22-B075-7C8EE6A72AC6}.Release|Any CPU.Build.0 = Release|Any CPU
		{77A3DBF0-62C1-417C-82D3-D5F388D33CA0}.Debug|Any CPU.ActiveCfg = Debug|Any CPU
		{77A3DBF0-62C1-417C-82D3-D5F388D33CA0}.Debug|Any CPU.Build.0 = Debug|Any CPU
		{77A3DBF0-62C1-417C-82D3-D5F388D33CA0}.Release|Any CPU.ActiveCfg = Release|Any CPU
		{77A3DBF0-62C1-417C-82D3-D5F388D33CA0}.Release|Any CPU.Build.0 = Release|Any CPU
		{4C7B7A12-4D0A-48B4-AB22-2A83B6886F8E}.Debug|Any CPU.ActiveCfg = Debug|Any CPU
		{4C7B7A12-4D0A-48B4-AB22-2A83B6886F8E}.Debug|Any CPU.Build.0 = Debug|Any CPU
		{4C7B7A12-4D0A-48B4-AB22-2A83B6886F8E}.Release|Any CPU.ActiveCfg = Release|Any CPU
		{4C7B7A12-4D0A-48B4-AB22-2A83B6886F8E}.Release|Any CPU.Build.0 = Release|Any CPU
	EndGlobalSection
	GlobalSection(SolutionProperties) = preSolution
		HideSolutionNode = FALSE
	EndGlobalSection
	GlobalSection(ExtensibilityGlobals) = postSolution
		SolutionGuid = {3248EDC6-8BAF-4615-9EA6-D23D1177291C}
	EndGlobalSection
EndGlobal
